
Microsoft Visual Studio Solution File, Format Version 12.00
# Visual Studio Version 16
VisualStudioVersion = 16.0.30907.101
MinimumVisualStudioVersion = 10.0.40219.1
Project("{FAE04EC0-301F-11D3-BF4B-00C04F79EFBC}") = "aitest", "aitest\aitest.csproj", "{1381E5D9-ABFE-443C-AFBC-6685A7881527}"
EndProject
Global
	GlobalSection(SolutionConfigurationPlatforms) = preSolution
		Debug|Any CPU = Debug|Any CPU
		Release|Any CPU = Release|Any CPU
	EndGlobalSection
	GlobalSection(ProjectConfigurationPlatforms) = postSolution
		{1381E5D9-ABFE-443C-AFBC-6685A7881527}.Debug|Any CPU.ActiveCfg = Debug|Any CPU
		{1381E5D9-ABFE-443C-AFBC-6685A7881527}.Debug|Any CPU.Build.0 = Debug|Any CPU
		{1381E5D9-ABFE-443C-AFBC-6685A7881527}.Release|Any CPU.ActiveCfg = Release|Any CPU
		{1381E5D9-ABFE-443C-AFBC-6685A7881527}.Release|Any CPU.Build.0 = Release|Any CPU
	EndGlobalSection
	GlobalSection(SolutionProperties) = preSolution
		HideSolutionNode = FALSE
	EndGlobalSection
	GlobalSection(ExtensibilityGlobals) = postSolution
		SolutionGuid = {98E3087E-125B-4030-B70C-113976FBAA27}
	EndGlobalSection
EndGlobal
